
Microsoft Visual Studio Solution File, Format Version 12.00
# Visual Studio Version 17
VisualStudioVersion = 17.0.31903.59
MinimumVisualStudioVersion = 10.0.40219.1
Project("{9A19103F-16F7-4668-BE54-9A1E7A4F7556}") = "day01", "day01\day01.csproj", "{529DD290-58EA-4CD7-9689-6225C3AC4C63}"
EndProject
Project("{9A19103F-16F7-4668-BE54-9A1E7A4F7556}") = "day02", "day02\day02.csproj", "{981B70A1-DE3B-4B61-9ACA-38F02A2FCDA4}"
EndProject
Project("{9A19103F-16F7-4668-BE54-9A1E7A4F7556}") = "day03", "day03\day03.csproj", "{44B56588-59B3-4E1C-BA9D-510A395D5392}"
EndProject
Project("{9A19103F-16F7-4668-BE54-9A1E7A4F7556}") = "day04", "day04\day04.csproj", "{980DEB44-6F28-4A98-8366-1AC0D56B0441}"
EndProject
Project("{9A19103F-16F7-4668-BE54-9A1E7A4F7556}") = "day05", "day05\day05.csproj", "{A359B1FF-7133-4EAC-B33D-2B06357EFF3D}"
EndProject
Project("{9A19103F-16F7-4668-BE54-9A1E7A4F7556}") = "day06", "day06\day06.csproj", "{B8018F2D-1B00-4B83-89D9-93534C4437A0}"
EndProject
Project("{9A19103F-16F7-4668-BE54-9A1E7A4F7556}") = "day07", "day07\day07.csproj", "{BF09F4EC-4890-449E-97C9-2A929CA04D9B}"
EndProject
Project("{9A19103F-16F7-4668-BE54-9A1E7A4F7556}") = "day08", "day08\day08.csproj", "{12A7D4EC-6DF3-4347-BE75-1E6B4533A0B9}"
EndProject
Project("{9A19103F-16F7-4668-BE54-9A1E7A4F7556}") = "day09", "day09\day09.csproj", "{E0566D73-5DA6-41DA-A340-4461CDB078E5}"
EndProject
Project("{9A19103F-16F7-4668-BE54-9A1E7A4F7556}") = "day10", "day10\day10.csproj", "{4BD9234C-FB63-47F4-AA80-612FF8401FA7}"
EndProject
Project("{9A19103F-16F7-4668-BE54-9A1E7A4F7556}") = "day11", "day11\day11.csproj", "{88D41001-0C02-4A13-86AC-0387F0615632}"
EndProject
Project("{9A19103F-16F7-4668-BE54-9A1E7A4F7556}") = "day12", "day12\day12.csproj", "{7D58A8B2-4CCC-41CE-8BA5-FD03CDD82262}"
EndProject
Project("{9A19103F-16F7-4668-BE54-9A1E7A4F7556}") = "day13", "day13\day13.csproj", "{6D72F59B-8205-4969-A94E-CDF6CD91E710}"
EndProject
Project("{FAE04EC0-301F-11D3-BF4B-00C04F79EFBC}") = "day15", "day15\day15.csproj", "{9BCE7B02-1121-4752-BD20-89417A2186B0}"
EndProject
Project("{FAE04EC0-301F-11D3-BF4B-00C04F79EFBC}") = "day14", "day14\day14.csproj", "{3F1C9577-3D11-4648-A372-38ED43D4266E}"
EndProject
Global
	GlobalSection(SolutionConfigurationPlatforms) = preSolution
		Debug|Any CPU = Debug|Any CPU
		Release|Any CPU = Release|Any CPU
	EndGlobalSection
	GlobalSection(ProjectConfigurationPlatforms) = postSolution
		{529DD290-58EA-4CD7-9689-6225C3AC4C63}.Debug|Any CPU.ActiveCfg = Debug|Any CPU
		{529DD290-58EA-4CD7-9689-6225C3AC4C63}.Debug|Any CPU.Build.0 = Debug|Any CPU
		{529DD290-58EA-4CD7-9689-6225C3AC4C63}.Release|Any CPU.ActiveCfg = Release|Any CPU
		{529DD290-58EA-4CD7-9689-6225C3AC4C63}.Release|Any CPU.Build.0 = Release|Any CPU
		{981B70A1-DE3B-4B61-9ACA-38F02A2FCDA4}.Debug|Any CPU.ActiveCfg = Debug|Any CPU
		{981B70A1-DE3B-4B61-9ACA-38F02A2FCDA4}.Debug|Any CPU.Build.0 = Debug|Any CPU
		{981B70A1-DE3B-4B61-9ACA-38F02A2FCDA4}.Release|Any CPU.ActiveCfg = Release|Any CPU
		{981B70A1-DE3B-4B61-9ACA-38F02A2FCDA4}.Release|Any CPU.Build.0 = Release|Any CPU
		{44B56588-59B3-4E1C-BA9D-510A395D5392}.Debug|Any CPU.ActiveCfg = Debug|Any CPU
		{44B56588-59B3-4E1C-BA9D-510A395D5392}.Debug|Any CPU.Build.0 = Debug|Any CPU
		{44B56588-59B3-4E1C-BA9D-510A395D5392}.Release|Any CPU.ActiveCfg = Release|Any CPU
		{44B56588-59B3-4E1C-BA9D-510A395D5392}.Release|Any CPU.Build.0 = Release|Any CPU
		{980DEB44-6F28-4A98-8366-1AC0D56B0441}.Debug|Any CPU.ActiveCfg = Debug|Any CPU
		{980DEB44-6F28-4A98-8366-1AC0D56B0441}.Debug|Any CPU.Build.0 = Debug|Any CPU
		{980DEB44-6F28-4A98-8366-1AC0D56B0441}.Release|Any CPU.ActiveCfg = Release|Any CPU
		{980DEB44-6F28-4A98-8366-1AC0D56B0441}.Release|Any CPU.Build.0 = Release|Any CPU
		{A359B1FF-7133-4EAC-B33D-2B06357EFF3D}.Debug|Any CPU.ActiveCfg = Debug|Any CPU
		{A359B1FF-7133-4EAC-B33D-2B06357EFF3D}.Debug|Any CPU.Build.0 = Debug|Any CPU
		{A359B1FF-7133-4EAC-B33D-2B06357EFF3D}.Release|Any CPU.ActiveCfg = Release|Any CPU
		{A359B1FF-7133-4EAC-B33D-2B06357EFF3D}.Release|Any CPU.Build.0 = Release|Any CPU
		{B8018F2D-1B00-4B83-89D9-93534C4437A0}.Debug|Any CPU.ActiveCfg = Debug|Any CPU
		{B8018F2D-1B00-4B83-89D9-93534C4437A0}.Debug|Any CPU.Build.0 = Debug|Any CPU
		{B8018F2D-1B00-4B83-89D9-93534C4437A0}.Release|Any CPU.ActiveCfg = Release|Any CPU
		{B8018F2D-1B00-4B83-89D9-93534C4437A0}.Release|Any CPU.Build.0 = Release|Any CPU
		{BF09F4EC-4890-449E-97C9-2A929CA04D9B}.Debug|Any CPU.ActiveCfg = Debug|Any CPU
		{BF09F4EC-4890-449E-97C9-2A929CA04D9B}.Debug|Any CPU.Build.0 = Debug|Any CPU
		{BF09F4EC-4890-449E-97C9-2A929CA04D9B}.Release|Any CPU.ActiveCfg = Release|Any CPU
		{BF09F4EC-4890-449E-97C9-2A929CA04D9B}.Release|Any CPU.Build.0 = Release|Any CPU
		{12A7D4EC-6DF3-4347-BE75-1E6B4533A0B9}.Debug|Any CPU.ActiveCfg = Debug|Any CPU
		{12A7D4EC-6DF3-4347-BE75-1E6B4533A0B9}.Debug|Any CPU.Build.0 = Debug|Any CPU
		{12A7D4EC-6DF3-4347-BE75-1E6B4533A0B9}.Release|Any CPU.ActiveCfg = Release|Any CPU
		{12A7D4EC-6DF3-4347-BE75-1E6B4533A0B9}.Release|Any CPU.Build.0 = Release|Any CPU
		{E0566D73-5DA6-41DA-A340-4461CDB078E5}.Debug|Any CPU.ActiveCfg = Debug|Any CPU
		{E0566D73-5DA6-41DA-A340-4461CDB078E5}.Debug|Any CPU.Build.0 = Debug|Any CPU
		{E0566D73-5DA6-41DA-A340-4461CDB078E5}.Release|Any CPU.ActiveCfg = Release|Any CPU
		{E0566D73-5DA6-41DA-A340-4461CDB078E5}.Release|Any CPU.Build.0 = Release|Any CPU
		{4BD9234C-FB63-47F4-AA80-612FF8401FA7}.Debug|Any CPU.ActiveCfg = Debug|Any CPU
		{4BD9234C-FB63-47F4-AA80-612FF8401FA7}.Debug|Any CPU.Build.0 = Debug|Any CPU
		{4BD9234C-FB63-47F4-AA80-612FF8401FA7}.Release|Any CPU.ActiveCfg = Release|Any CPU
		{4BD9234C-FB63-47F4-AA80-612FF8401FA7}.Release|Any CPU.Build.0 = Release|Any CPU
		{88D41001-0C02-4A13-86AC-0387F0615632}.Debug|Any CPU.ActiveCfg = Debug|Any CPU
		{88D41001-0C02-4A13-86AC-0387F0615632}.Debug|Any CPU.Build.0 = Debug|Any CPU
		{88D41001-0C02-4A13-86AC-0387F0615632}.Release|Any CPU.ActiveCfg = Release|Any CPU
		{88D41001-0C02-4A13-86AC-0387F0615632}.Release|Any CPU.Build.0 = Release|Any CPU
		{7D58A8B2-4CCC-41CE-8BA5-FD03CDD82262}.Debug|Any CPU.ActiveCfg = Debug|Any CPU
		{7D58A8B2-4CCC-41CE-8BA5-FD03CDD82262}.Debug|Any CPU.Build.0 = Debug|Any CPU
		{7D58A8B2-4CCC-41CE-8BA5-FD03CDD82262}.Release|Any CPU.ActiveCfg = Release|Any CPU
		{7D58A8B2-4CCC-41CE-8BA5-FD03CDD82262}.Release|Any CPU.Build.0 = Release|Any CPU
		{6D72F59B-8205-4969-A94E-CDF6CD91E710}.Debug|Any CPU.ActiveCfg = Debug|Any CPU
		{6D72F59B-8205-4969-A94E-CDF6CD91E710}.Debug|Any CPU.Build.0 = Debug|Any CPU
		{6D72F59B-8205-4969-A94E-CDF6CD91E710}.Release|Any CPU.ActiveCfg = Release|Any CPU
		{6D72F59B-8205-4969-A94E-CDF6CD91E710}.Release|Any CPU.Build.0 = Release|Any CPU
		{9BCE7B02-1121-4752-BD20-89417A2186B0}.Debug|Any CPU.ActiveCfg = Debug|Any CPU
		{9BCE7B02-1121-4752-BD20-89417A2186B0}.Debug|Any CPU.Build.0 = Debug|Any CPU
		{9BCE7B02-1121-4752-BD20-89417A2186B0}.Release|Any CPU.ActiveCfg = Release|Any CPU
		{9BCE7B02-1121-4752-BD20-89417A2186B0}.Release|Any CPU.Build.0 = Release|Any CPU
		{3F1C9577-3D11-4648-A372-38ED43D4266E}.Debug|Any CPU.ActiveCfg = Debug|Any CPU
		{3F1C9577-3D11-4648-A372-38ED43D4266E}.Debug|Any CPU.Build.0 = Debug|Any CPU
		{3F1C9577-3D11-4648-A372-38ED43D4266E}.Release|Any CPU.ActiveCfg = Release|Any CPU
		{3F1C9577-3D11-4648-A372-38ED43D4266E}.Release|Any CPU.Build.0 = Release|Any CPU
	EndGlobalSection
	GlobalSection(SolutionProperties) = preSolution
		HideSolutionNode = FALSE
	EndGlobalSection
	GlobalSection(ExtensibilityGlobals) = postSolution
		SolutionGuid = {57D4F159-7ECC-4772-828E-BF0E2ABAFC9C}
	EndGlobalSection
EndGlobal
